# This file is automatically @generated by Cargo.
# It is not intended for manual editing.
version = 3

[[package]]
name = "critical-section"
version = "1.1.3"
source = "registry+https://github.com/rust-lang/crates.io-index"
checksum = "f64009896348fc5af4222e9cf7d7d82a95a256c634ebcf61c53e4ea461422242"

[[package]]
name = "embedded-hal"
version = "1.0.0"
source = "registry+https://github.com/rust-lang/crates.io-index"
checksum = "361a90feb7004eca4019fb28352a9465666b24f840f5c3cddf0ff13920590b89"

[[package]]
name = "morojenoye"
version = "0.0.0"
dependencies = [
 "uboot-riscv64-rt",
]

[[package]]
name = "proc-macro2"
version = "1.0.86"
source = "registry+https://github.com/rust-lang/crates.io-index"
checksum = "5e719e8df665df0d1c8fbfd238015744736151d4445ec0836b8e628aae103b77"
dependencies = [
 "unicode-ident",
]

[[package]]
name = "quote"
version = "1.0.37"
source = "registry+https://github.com/rust-lang/crates.io-index"
checksum = "b5b9d34b8991d19d98081b46eacdd8eb58c6f2b201139f7c5f643cc155a633af"
dependencies = [
 "proc-macro2",
]

[[package]]
name = "riscv"
version = "0.11.1"
source = "git+https://github.com/mekosko/riscv.git#cf770ffcc0dc888c0c3f23f96adae780e9f23dcd"
dependencies = [
 "critical-section",
 "embedded-hal",
 "riscv-pac",
]

[[package]]
name = "riscv-pac"
version = "0.1.1"
source = "git+https://github.com/mekosko/riscv.git#cf770ffcc0dc888c0c3f23f96adae780e9f23dcd"

[[package]]
name = "riscv-rt"
version = "0.13.0"
source = "git+https://github.com/mekosko/riscv.git#cf770ffcc0dc888c0c3f23f96adae780e9f23dcd"
dependencies = [
 "riscv",
 "riscv-rt-macros",
]

[[package]]
name = "riscv-rt-macros"
version = "0.2.1"
source = "git+https://github.com/mekosko/riscv.git#cf770ffcc0dc888c0c3f23f96adae780e9f23dcd"
dependencies = [
 "proc-macro2",
 "quote",
 "syn",
]

[[package]]
name = "syn"
version = "2.0.76"
source = "registry+https://github.com/rust-lang/crates.io-index"
checksum = "578e081a14e0cefc3279b0472138c513f37b41a08d5a3cca9b6e4e8ceb6cd525"
dependencies = [
 "proc-macro2",
 "quote",
 "unicode-ident",
]

[[package]]
name = "uboot-aarch64-rt"
version = "0.0.0"

[[package]]
name = "uboot-riscv64-rt"
version = "0.0.0"
dependencies = [
 "riscv-rt",
]

[[package]]
name = "unicode-ident"
version = "1.0.12"
source = "registry+https://github.com/rust-lang/crates.io-index"
checksum = "3354b9ac3fae1ff6755cb6db53683adb661634f67557942dea4facebec0fee4b"
